// !$*UTF8*$!
{
	archiveVersion = 1;
	classes = {
	};
	objectVersion = 46;
	objects = {

/* Begin PBXBuildFile section */
		5EFCC5F216B8E95A00745404 /* main.c in Sources */ = {isa = PBXBuildFile; fileRef = 5EFCC5F116B8E95A00745404 /* main.c */; };
		5EFCC5F416B8E95A00745404 /* Turret.1 in CopyFiles */ = {isa = PBXBuildFile; fileRef = 5EFCC5F316B8E95A00745404 /* Turret.1 */; };
/* End PBXBuildFile section */

/* Begin PBXCopyFilesBuildPhase section */
		5EFCC5EB16B8E95A00745404 /* CopyFiles */ = {
			isa = PBXCopyFilesBuildPhase;
			buildActionMask = 2147483647;
			dstPath = /usr/share/man/man1/;
			dstSubfolderSpec = 0;
			files = (
				5EFCC5F416B8E95A00745404 /* Turret.1 in CopyFiles */,
			);
			runOnlyForDeploymentPostprocessing = 1;
		};
/* End PBXCopyFilesBuildPhase section */

/* Begin PBXFileReference section */
		5EFCC5ED16B8E95A00745404 /* Turret */ = {isa = PBXFileReference; explicitFileType = "compiled.mach-o.executable"; includeInIndex = 0; path = Turret; sourceTree = BUILT_PRODUCTS_DIR; };
		5EFCC5F116B8E95A00745404 /* main.c */ = {isa = PBXFileReference; lastKnownFileType = sourcecode.c.c; path = main.c; sourceTree = "<group>"; };
		5EFCC5F316B8E95A00745404 /* Turret.1 */ = {isa = PBXFileReference; lastKnownFileType = text.man; path = Turret.1; sourceTree = "<group>"; };
/* End PBXFileReference section */

/* Begin PBXFrameworksBuildPhase section */
		5EFCC5EA16B8E95A00745404 /* Frameworks */ = {
			isa = PBXFrameworksBuildPhase;
			buildActionMask = 2147483647;
			files = (
			);
			runOnlyForDeploymentPostprocessing = 0;
		};
/* End PBXFrameworksBuildPhase section */

/* Begin PBXGroup section */
		5EFCC5E216B8E95A00745404 = {
			isa = PBXGroup;
			children = (
				5EFCC5F016B8E95A00745404 /* Turret */,
				5EFCC5EE16B8E95A00745404 /* Products */,
			);
			sourceTree = "<group>";
		};
		5EFCC5EE16B8E95A00745404 /* Products */ = {
			isa = PBXGroup;
			children = (
				5EFCC5ED16B8E95A00745404 /* Turret */,
			);
			name = Products;
			sourceTree = "<group>";
		};
		5EFCC5F016B8E95A00745404 /* Turret */ = {
			isa = PBXGroup;
			children = (
				5EFCC5F116B8E95A00745404 /* main.c */,
				5EFCC5F316B8E95A00745404 /* Turret.1 */,
			);
			path = Turret;
			sourceTree = "<group>";
		};
/* End PBXGroup section */

/* Begin PBXNativeTarget section */
		5EFCC5EC16B8E95A00745404 /* Turret */ = {
			isa = PBXNativeTarget;
			buildConfigurationList = 5EFCC5F716B8E95A00745404 /* Build configuration list for PBXNativeTarget "Turret" */;
			buildPhases = (
				5EFCC5E916B8E95A00745404 /* Sources */,
				5EFCC5EA16B8E95A00745404 /* Frameworks */,
				5EFCC5EB16B8E95A00745404 /* CopyFiles */,
			);
			buildRules = (
			);
			dependencies = (
			);
			name = Turret;
			productName = Turret;
			productReference = 5EFCC5ED16B8E95A00745404 /* Turret */;
			productType = "com.apple.product-type.tool";
		};
/* End PBXNativeTarget section */

/* Begin PBXProject section */
		5EFCC5E416B8E95A00745404 /* Project object */ = {
			isa = PBXProject;
			attributes = {
				LastUpgradeCheck = 0450;
				ORGANIZATIONNAME = "Jaehyun Ahn";
			};
			buildConfigurationList = 5EFCC5E716B8E95A00745404 /* Build configuration list for PBXProject "Turret" */;
			compatibilityVersion = "Xcode 3.2";
			developmentRegion = English;
			hasScannedForEncodings = 0;
			knownRegions = (
				en,
			);
			mainGroup = 5EFCC5E216B8E95A00745404;
			productRefGroup = 5EFCC5EE16B8E95A00745404 /* Products */;
			projectDirPath = "";
			projectRoot = "";
			targets = (
				5EFCC5EC16B8E95A00745404 /* Turret */,
			);
		};
/* End PBXProject section */

/* Begin PBXSourcesBuildPhase section */
		5EFCC5E916B8E95A00745404 /* Sources */ = {
			isa = PBXSourcesBuildPhase;
			buildActionMask = 2147483647;
			files = (
				5EFCC5F216B8E95A00745404 /* main.c in Sources */,
			);
			runOnlyForDeploymentPostprocessing = 0;
		};
/* End PBXSourcesBuildPhase section */

/* Begin XCBuildConfiguration section */
		5EFCC5F516B8E95A00745404 /* Debug */ = {
			isa = XCBuildConfiguration;
			buildSettings = {
				ALWAYS_SEARCH_USER_PATHS = NO;
				ARCHS = "$(ARCHS_STANDARD_64_BIT)";
				CLANG_CXX_LANGUAGE_STANDARD = "gnu++0x";
				CLANG_CXX_LIBRARY = "libc++";
				CLANG_WARN_EMPTY_BODY = YES;
				CLANG_WARN__DUPLICATE_METHOD_MATCH = YES;
				COPY_PHASE_STRIP = NO;
				GCC_C_LANGUAGE_STANDARD = gnu99;
				GCC_DYNAMIC_NO_PIC = NO;
				GCC_ENABLE_OBJC_EXCEPTIONS = YES;
				GCC_OPTIMIZATION_LEVEL = 0;
				GCC_PREPROCESSOR_DEFINITIONS = (
					"DEBUG=1",
					"$(inherited)",
				);
				GCC_SYMBOLS_PRIVATE_EXTERN = NO;
				GCC_WARN_64_TO_32_BIT_CONVERSION = YES;
				GCC_WARN_ABOUT_RETURN_TYPE = YES;
				GCC_WARN_UNINITIALIZED_AUTOS = YES;
				GCC_WARN_UNUSED_VARIABLE = YES;
				MACOSX_DEPLOYMENT_TARGET = 10.8;
				ONLY_ACTIVE_ARCH = YES;
				SDKROOT = macosx;
			};
			name = Debug;
		};
		5EFCC5F616B8E95A00745404 /* Release */ = {
			isa = XCBuildConfiguration;
			buildSettings = {
				ALWAYS_SEARCH_USER_PATHS = NO;
				ARCHS = "$(ARCHS_STANDARD_64_BIT)";
				CLANG_CXX_LANGUAGE_STANDARD = "gnu++0x";
				CLANG_CXX_LIBRARY = "libc++";
				CLANG_WARN_EMPTY_BODY = YES;
				CLANG_WARN__DUPLICATE_METHOD_MATCH = YES;
				COPY_PHASE_STRIP = YES;
				DEBUG_INFORMATION_FORMAT = "dwarf-with-dsym";
				GCC_C_LANGUAGE_STANDARD = gnu99;
				GCC_ENABLE_OBJC_EXCEPTIONS = YES;
				GCC_WARN_64_TO_32_BIT_CONVERSION = YES;
				GCC_WARN_ABOUT_RETURN_TYPE = YES;
				GCC_WARN_UNINITIALIZED_AUTOS = YES;
				GCC_WARN_UNUSED_VARIABLE = YES;
				MACOSX_DEPLOYMENT_TARGET = 10.8;
				SDKROOT = macosx;
			};
			name = Release;
		};
		5EFCC5F816B8E95A00745404 /* Debug */ = {
			isa = XCBuildConfiguration;
			buildSettings = {
				PRODUCT_NAME = "$(TARGET_NAME)";
			};
			name = Debug;
		};
		5EFCC5F916B8E95A00745404 /* Release */ = {
			isa = XCBuildConfiguration;
			buildSettings = {
				PRODUCT_NAME = "$(TARGET_NAME)";
			};
			name = Release;
		};
/* End XCBuildConfiguration section */

/* Begin XCConfigurationList section */
		5EFCC5E716B8E95A00745404 /* Build configuration list for PBXProject "Turret" */ = {
			isa = XCConfigurationList;
			buildConfigurations = (
				5EFCC5F516B8E95A00745404 /* Debug */,
				5EFCC5F616B8E95A00745404 /* Release */,
			);
			defaultConfigurationIsVisible = 0;
			defaultConfigurationName = Release;
		};
		5EFCC5F716B8E95A00745404 /* Build configuration list for PBXNativeTarget "Turret" */ = {
			isa = XCConfigurationList;
			buildConfigurations = (
				5EFCC5F816B8E95A00745404 /* Debug */,
				5EFCC5F916B8E95A00745404 /* Release */,
			);
			defaultConfigurationIsVisible = 0;
		};
/* End XCConfigurationList section */
	};
	rootObject = 5EFCC5E416B8E95A00745404 /* Project object */;
}
