// !$*UTF8*$!
{
	archiveVersion = 1;
	classes = {
	};
	objectVersion = 46;
	objects = {

/* Begin PBXBuildFile section */
		5EA9360E16B9F87D00E610D8 /* main.c in Sources */ = {isa = PBXBuildFile; fileRef = 5EA9360D16B9F87D00E610D8 /* main.c */; };
		5EA9361016B9F87D00E610D8 /* ACM_craft.1 in CopyFiles */ = {isa = PBXBuildFile; fileRef = 5EA9360F16B9F87D00E610D8 /* ACM_craft.1 */; };
/* End PBXBuildFile section */

/* Begin PBXCopyFilesBuildPhase section */
		5EA9360816B9F87D00E610D8 /* CopyFiles */ = {
			isa = PBXCopyFilesBuildPhase;
			buildActionMask = 2147483647;
			dstPath = /usr/share/man/man1/;
			dstSubfolderSpec = 0;
			files = (
				5EA9361016B9F87D00E610D8 /* ACM_craft.1 in CopyFiles */,
			);
			runOnlyForDeploymentPostprocessing = 1;
		};
/* End PBXCopyFilesBuildPhase section */

/* Begin PBXFileReference section */
		5EA9360A16B9F87D00E610D8 /* ACM_craft */ = {isa = PBXFileReference; explicitFileType = "compiled.mach-o.executable"; includeInIndex = 0; path = ACM_craft; sourceTree = BUILT_PRODUCTS_DIR; };
		5EA9360D16B9F87D00E610D8 /* main.c */ = {isa = PBXFileReference; lastKnownFileType = sourcecode.c.c; path = main.c; sourceTree = "<group>"; };
		5EA9360F16B9F87D00E610D8 /* ACM_craft.1 */ = {isa = PBXFileReference; lastKnownFileType = text.man; path = ACM_craft.1; sourceTree = "<group>"; };
/* End PBXFileReference section */

/* Begin PBXFrameworksBuildPhase section */
		5EA9360716B9F87D00E610D8 /* Frameworks */ = {
			isa = PBXFrameworksBuildPhase;
			buildActionMask = 2147483647;
			files = (
			);
			runOnlyForDeploymentPostprocessing = 0;
		};
/* End PBXFrameworksBuildPhase section */

/* Begin PBXGroup section */
		5EA9360116B9F87D00E610D8 = {
			isa = PBXGroup;
			children = (
				5EA9360C16B9F87D00E610D8 /* ACM_craft */,
				5EA9360B16B9F87D00E610D8 /* Products */,
			);
			sourceTree = "<group>";
		};
		5EA9360B16B9F87D00E610D8 /* Products */ = {
			isa = PBXGroup;
			children = (
				5EA9360A16B9F87D00E610D8 /* ACM_craft */,
			);
			name = Products;
			sourceTree = "<group>";
		};
		5EA9360C16B9F87D00E610D8 /* ACM_craft */ = {
			isa = PBXGroup;
			children = (
				5EA9360D16B9F87D00E610D8 /* main.c */,
				5EA9360F16B9F87D00E610D8 /* ACM_craft.1 */,
			);
			path = ACM_craft;
			sourceTree = "<group>";
		};
/* End PBXGroup section */

/* Begin PBXNativeTarget section */
		5EA9360916B9F87D00E610D8 /* ACM_craft */ = {
			isa = PBXNativeTarget;
			buildConfigurationList = 5EA9361316B9F87D00E610D8 /* Build configuration list for PBXNativeTarget "ACM_craft" */;
			buildPhases = (
				5EA9360616B9F87D00E610D8 /* Sources */,
				5EA9360716B9F87D00E610D8 /* Frameworks */,
				5EA9360816B9F87D00E610D8 /* CopyFiles */,
			);
			buildRules = (
			);
			dependencies = (
			);
			name = ACM_craft;
			productName = ACM_craft;
			productReference = 5EA9360A16B9F87D00E610D8 /* ACM_craft */;
			productType = "com.apple.product-type.tool";
		};
/* End PBXNativeTarget section */

/* Begin PBXProject section */
		5EA9360216B9F87D00E610D8 /* Project object */ = {
			isa = PBXProject;
			attributes = {
				LastUpgradeCheck = 0460;
				ORGANIZATIONNAME = sonnet;
			};
			buildConfigurationList = 5EA9360516B9F87D00E610D8 /* Build configuration list for PBXProject "ACM_craft" */;
			compatibilityVersion = "Xcode 3.2";
			developmentRegion = English;
			hasScannedForEncodings = 0;
			knownRegions = (
				en,
			);
			mainGroup = 5EA9360116B9F87D00E610D8;
			productRefGroup = 5EA9360B16B9F87D00E610D8 /* Products */;
			projectDirPath = "";
			projectRoot = "";
			targets = (
				5EA9360916B9F87D00E610D8 /* ACM_craft */,
			);
		};
/* End PBXProject section */

/* Begin PBXSourcesBuildPhase section */
		5EA9360616B9F87D00E610D8 /* Sources */ = {
			isa = PBXSourcesBuildPhase;
			buildActionMask = 2147483647;
			files = (
				5EA9360E16B9F87D00E610D8 /* main.c in Sources */,
			);
			runOnlyForDeploymentPostprocessing = 0;
		};
/* End PBXSourcesBuildPhase section */

/* Begin XCBuildConfiguration section */
		5EA9361116B9F87D00E610D8 /* Debug */ = {
			isa = XCBuildConfiguration;
			buildSettings = {
				ALWAYS_SEARCH_USER_PATHS = NO;
				ARCHS = "$(ARCHS_STANDARD_64_BIT)";
				CLANG_CXX_LANGUAGE_STANDARD = "gnu++0x";
				CLANG_CXX_LIBRARY = "libc++";
				CLANG_WARN_CONSTANT_CONVERSION = YES;
				CLANG_WARN_EMPTY_BODY = YES;
				CLANG_WARN_ENUM_CONVERSION = YES;
				CLANG_WARN_INT_CONVERSION = YES;
				CLANG_WARN__DUPLICATE_METHOD_MATCH = YES;
				COPY_PHASE_STRIP = NO;
				GCC_C_LANGUAGE_STANDARD = gnu99;
				GCC_DYNAMIC_NO_PIC = NO;
				GCC_ENABLE_OBJC_EXCEPTIONS = YES;
				GCC_OPTIMIZATION_LEVEL = 0;
				GCC_PREPROCESSOR_DEFINITIONS = (
					"DEBUG=1",
					"$(inherited)",
				);
				GCC_SYMBOLS_PRIVATE_EXTERN = NO;
				GCC_WARN_64_TO_32_BIT_CONVERSION = YES;
				GCC_WARN_ABOUT_RETURN_TYPE = YES;
				GCC_WARN_UNINITIALIZED_AUTOS = YES;
				GCC_WARN_UNUSED_VARIABLE = YES;
				MACOSX_DEPLOYMENT_TARGET = 10.8;
				ONLY_ACTIVE_ARCH = YES;
				SDKROOT = macosx;
			};
			name = Debug;
		};
		5EA9361216B9F87D00E610D8 /* Release */ = {
			isa = XCBuildConfiguration;
			buildSettings = {
				ALWAYS_SEARCH_USER_PATHS = NO;
				ARCHS = "$(ARCHS_STANDARD_64_BIT)";
				CLANG_CXX_LANGUAGE_STANDARD = "gnu++0x";
				CLANG_CXX_LIBRARY = "libc++";
				CLANG_WARN_CONSTANT_CONVERSION = YES;
				CLANG_WARN_EMPTY_BODY = YES;
				CLANG_WARN_ENUM_CONVERSION = YES;
				CLANG_WARN_INT_CONVERSION = YES;
				CLANG_WARN__DUPLICATE_METHOD_MATCH = YES;
				COPY_PHASE_STRIP = YES;
				DEBUG_INFORMATION_FORMAT = "dwarf-with-dsym";
				GCC_C_LANGUAGE_STANDARD = gnu99;
				GCC_ENABLE_OBJC_EXCEPTIONS = YES;
				GCC_WARN_64_TO_32_BIT_CONVERSION = YES;
				GCC_WARN_ABOUT_RETURN_TYPE = YES;
				GCC_WARN_UNINITIALIZED_AUTOS = YES;
				GCC_WARN_UNUSED_VARIABLE = YES;
				MACOSX_DEPLOYMENT_TARGET = 10.8;
				SDKROOT = macosx;
			};
			name = Release;
		};
		5EA9361416B9F87D00E610D8 /* Debug */ = {
			isa = XCBuildConfiguration;
			buildSettings = {
				PRODUCT_NAME = "$(TARGET_NAME)";
			};
			name = Debug;
		};
		5EA9361516B9F87D00E610D8 /* Release */ = {
			isa = XCBuildConfiguration;
			buildSettings = {
				PRODUCT_NAME = "$(TARGET_NAME)";
			};
			name = Release;
		};
/* End XCBuildConfiguration section */

/* Begin XCConfigurationList section */
		5EA9360516B9F87D00E610D8 /* Build configuration list for PBXProject "ACM_craft" */ = {
			isa = XCConfigurationList;
			buildConfigurations = (
				5EA9361116B9F87D00E610D8 /* Debug */,
				5EA9361216B9F87D00E610D8 /* Release */,
			);
			defaultConfigurationIsVisible = 0;
			defaultConfigurationName = Release;
		};
		5EA9361316B9F87D00E610D8 /* Build configuration list for PBXNativeTarget "ACM_craft" */ = {
			isa = XCConfigurationList;
			buildConfigurations = (
				5EA9361416B9F87D00E610D8 /* Debug */,
				5EA9361516B9F87D00E610D8 /* Release */,
			);
			defaultConfigurationIsVisible = 0;
		};
/* End XCConfigurationList section */
	};
	rootObject = 5EA9360216B9F87D00E610D8 /* Project object */;
}
