// !$*UTF8*$!
{
	archiveVersion = 1;
	classes = {
	};
	objectVersion = 46;
	objects = {

/* Begin PBXBuildFile section */
		5EB68F5416BBA64500BDB88B /* main.c in Sources */ = {isa = PBXBuildFile; fileRef = 5EB68F5316BBA64500BDB88B /* main.c */; };
		5EB68F5616BBA64500BDB88B /* plus_cycle.1 in CopyFiles */ = {isa = PBXBuildFile; fileRef = 5EB68F5516BBA64500BDB88B /* plus_cycle.1 */; };
/* End PBXBuildFile section */

/* Begin PBXCopyFilesBuildPhase section */
		5EB68F4E16BBA64500BDB88B /* CopyFiles */ = {
			isa = PBXCopyFilesBuildPhase;
			buildActionMask = 2147483647;
			dstPath = /usr/share/man/man1/;
			dstSubfolderSpec = 0;
			files = (
				5EB68F5616BBA64500BDB88B /* plus_cycle.1 in CopyFiles */,
			);
			runOnlyForDeploymentPostprocessing = 1;
		};
/* End PBXCopyFilesBuildPhase section */

/* Begin PBXFileReference section */
		5EB68F5016BBA64500BDB88B /* plus_cycle */ = {isa = PBXFileReference; explicitFileType = "compiled.mach-o.executable"; includeInIndex = 0; path = plus_cycle; sourceTree = BUILT_PRODUCTS_DIR; };
		5EB68F5316BBA64500BDB88B /* main.c */ = {isa = PBXFileReference; lastKnownFileType = sourcecode.c.c; path = main.c; sourceTree = "<group>"; };
		5EB68F5516BBA64500BDB88B /* plus_cycle.1 */ = {isa = PBXFileReference; lastKnownFileType = text.man; path = plus_cycle.1; sourceTree = "<group>"; };
/* End PBXFileReference section */

/* Begin PBXFrameworksBuildPhase section */
		5EB68F4D16BBA64500BDB88B /* Frameworks */ = {
			isa = PBXFrameworksBuildPhase;
			buildActionMask = 2147483647;
			files = (
			);
			runOnlyForDeploymentPostprocessing = 0;
		};
/* End PBXFrameworksBuildPhase section */

/* Begin PBXGroup section */
		5EB68F4716BBA64500BDB88B = {
			isa = PBXGroup;
			children = (
				5EB68F5216BBA64500BDB88B /* plus_cycle */,
				5EB68F5116BBA64500BDB88B /* Products */,
			);
			sourceTree = "<group>";
		};
		5EB68F5116BBA64500BDB88B /* Products */ = {
			isa = PBXGroup;
			children = (
				5EB68F5016BBA64500BDB88B /* plus_cycle */,
			);
			name = Products;
			sourceTree = "<group>";
		};
		5EB68F5216BBA64500BDB88B /* plus_cycle */ = {
			isa = PBXGroup;
			children = (
				5EB68F5316BBA64500BDB88B /* main.c */,
				5EB68F5516BBA64500BDB88B /* plus_cycle.1 */,
			);
			path = plus_cycle;
			sourceTree = "<group>";
		};
/* End PBXGroup section */

/* Begin PBXNativeTarget section */
		5EB68F4F16BBA64500BDB88B /* plus_cycle */ = {
			isa = PBXNativeTarget;
			buildConfigurationList = 5EB68F5916BBA64500BDB88B /* Build configuration list for PBXNativeTarget "plus_cycle" */;
			buildPhases = (
				5EB68F4C16BBA64500BDB88B /* Sources */,
				5EB68F4D16BBA64500BDB88B /* Frameworks */,
				5EB68F4E16BBA64500BDB88B /* CopyFiles */,
			);
			buildRules = (
			);
			dependencies = (
			);
			name = plus_cycle;
			productName = plus_cycle;
			productReference = 5EB68F5016BBA64500BDB88B /* plus_cycle */;
			productType = "com.apple.product-type.tool";
		};
/* End PBXNativeTarget section */

/* Begin PBXProject section */
		5EB68F4816BBA64500BDB88B /* Project object */ = {
			isa = PBXProject;
			attributes = {
				LastUpgradeCheck = 0460;
				ORGANIZATIONNAME = sonnet;
			};
			buildConfigurationList = 5EB68F4B16BBA64500BDB88B /* Build configuration list for PBXProject "plus_cycle" */;
			compatibilityVersion = "Xcode 3.2";
			developmentRegion = English;
			hasScannedForEncodings = 0;
			knownRegions = (
				en,
			);
			mainGroup = 5EB68F4716BBA64500BDB88B;
			productRefGroup = 5EB68F5116BBA64500BDB88B /* Products */;
			projectDirPath = "";
			projectRoot = "";
			targets = (
				5EB68F4F16BBA64500BDB88B /* plus_cycle */,
			);
		};
/* End PBXProject section */

/* Begin PBXSourcesBuildPhase section */
		5EB68F4C16BBA64500BDB88B /* Sources */ = {
			isa = PBXSourcesBuildPhase;
			buildActionMask = 2147483647;
			files = (
				5EB68F5416BBA64500BDB88B /* main.c in Sources */,
			);
			runOnlyForDeploymentPostprocessing = 0;
		};
/* End PBXSourcesBuildPhase section */

/* Begin XCBuildConfiguration section */
		5EB68F5716BBA64500BDB88B /* Debug */ = {
			isa = XCBuildConfiguration;
			buildSettings = {
				ALWAYS_SEARCH_USER_PATHS = NO;
				ARCHS = "$(ARCHS_STANDARD_64_BIT)";
				CLANG_CXX_LANGUAGE_STANDARD = "gnu++0x";
				CLANG_CXX_LIBRARY = "libc++";
				CLANG_WARN_CONSTANT_CONVERSION = YES;
				CLANG_WARN_EMPTY_BODY = YES;
				CLANG_WARN_ENUM_CONVERSION = YES;
				CLANG_WARN_INT_CONVERSION = YES;
				CLANG_WARN__DUPLICATE_METHOD_MATCH = YES;
				COPY_PHASE_STRIP = NO;
				GCC_C_LANGUAGE_STANDARD = gnu99;
				GCC_DYNAMIC_NO_PIC = NO;
				GCC_ENABLE_OBJC_EXCEPTIONS = YES;
				GCC_OPTIMIZATION_LEVEL = 0;
				GCC_PREPROCESSOR_DEFINITIONS = (
					"DEBUG=1",
					"$(inherited)",
				);
				GCC_SYMBOLS_PRIVATE_EXTERN = NO;
				GCC_WARN_64_TO_32_BIT_CONVERSION = YES;
				GCC_WARN_ABOUT_RETURN_TYPE = YES;
				GCC_WARN_UNINITIALIZED_AUTOS = YES;
				GCC_WARN_UNUSED_VARIABLE = YES;
				MACOSX_DEPLOYMENT_TARGET = 10.8;
				ONLY_ACTIVE_ARCH = YES;
				SDKROOT = macosx;
			};
			name = Debug;
		};
		5EB68F5816BBA64500BDB88B /* Release */ = {
			isa = XCBuildConfiguration;
			buildSettings = {
				ALWAYS_SEARCH_USER_PATHS = NO;
				ARCHS = "$(ARCHS_STANDARD_64_BIT)";
				CLANG_CXX_LANGUAGE_STANDARD = "gnu++0x";
				CLANG_CXX_LIBRARY = "libc++";
				CLANG_WARN_CONSTANT_CONVERSION = YES;
				CLANG_WARN_EMPTY_BODY = YES;
				CLANG_WARN_ENUM_CONVERSION = YES;
				CLANG_WARN_INT_CONVERSION = YES;
				CLANG_WARN__DUPLICATE_METHOD_MATCH = YES;
				COPY_PHASE_STRIP = YES;
				DEBUG_INFORMATION_FORMAT = "dwarf-with-dsym";
				GCC_C_LANGUAGE_STANDARD = gnu99;
				GCC_ENABLE_OBJC_EXCEPTIONS = YES;
				GCC_WARN_64_TO_32_BIT_CONVERSION = YES;
				GCC_WARN_ABOUT_RETURN_TYPE = YES;
				GCC_WARN_UNINITIALIZED_AUTOS = YES;
				GCC_WARN_UNUSED_VARIABLE = YES;
				MACOSX_DEPLOYMENT_TARGET = 10.8;
				SDKROOT = macosx;
			};
			name = Release;
		};
		5EB68F5A16BBA64500BDB88B /* Debug */ = {
			isa = XCBuildConfiguration;
			buildSettings = {
				PRODUCT_NAME = "$(TARGET_NAME)";
			};
			name = Debug;
		};
		5EB68F5B16BBA64500BDB88B /* Release */ = {
			isa = XCBuildConfiguration;
			buildSettings = {
				PRODUCT_NAME = "$(TARGET_NAME)";
			};
			name = Release;
		};
/* End XCBuildConfiguration section */

/* Begin XCConfigurationList section */
		5EB68F4B16BBA64500BDB88B /* Build configuration list for PBXProject "plus_cycle" */ = {
			isa = XCConfigurationList;
			buildConfigurations = (
				5EB68F5716BBA64500BDB88B /* Debug */,
				5EB68F5816BBA64500BDB88B /* Release */,
			);
			defaultConfigurationIsVisible = 0;
			defaultConfigurationName = Release;
		};
		5EB68F5916BBA64500BDB88B /* Build configuration list for PBXNativeTarget "plus_cycle" */ = {
			isa = XCConfigurationList;
			buildConfigurations = (
				5EB68F5A16BBA64500BDB88B /* Debug */,
				5EB68F5B16BBA64500BDB88B /* Release */,
			);
			defaultConfigurationIsVisible = 0;
		};
/* End XCConfigurationList section */
	};
	rootObject = 5EB68F4816BBA64500BDB88B /* Project object */;
}
