// !$*UTF8*$!
{
	archiveVersion = 1;
	classes = {
	};
	objectVersion = 46;
	objects = {

/* Begin PBXBuildFile section */
		5E00D40F16D4682800A4D6F9 /* main.c in Sources */ = {isa = PBXBuildFile; fileRef = 5E00D40E16D4682800A4D6F9 /* main.c */; };
		5E00D41116D4682800A4D6F9 /* cabbage.1 in CopyFiles */ = {isa = PBXBuildFile; fileRef = 5E00D41016D4682800A4D6F9 /* cabbage.1 */; };
/* End PBXBuildFile section */

/* Begin PBXCopyFilesBuildPhase section */
		5E00D40916D4682800A4D6F9 /* CopyFiles */ = {
			isa = PBXCopyFilesBuildPhase;
			buildActionMask = 2147483647;
			dstPath = /usr/share/man/man1/;
			dstSubfolderSpec = 0;
			files = (
				5E00D41116D4682800A4D6F9 /* cabbage.1 in CopyFiles */,
			);
			runOnlyForDeploymentPostprocessing = 1;
		};
/* End PBXCopyFilesBuildPhase section */

/* Begin PBXFileReference section */
		5E00D40B16D4682800A4D6F9 /* cabbage */ = {isa = PBXFileReference; explicitFileType = "compiled.mach-o.executable"; includeInIndex = 0; path = cabbage; sourceTree = BUILT_PRODUCTS_DIR; };
		5E00D40E16D4682800A4D6F9 /* main.c */ = {isa = PBXFileReference; lastKnownFileType = sourcecode.c.c; path = main.c; sourceTree = "<group>"; };
		5E00D41016D4682800A4D6F9 /* cabbage.1 */ = {isa = PBXFileReference; lastKnownFileType = text.man; path = cabbage.1; sourceTree = "<group>"; };
/* End PBXFileReference section */

/* Begin PBXFrameworksBuildPhase section */
		5E00D40816D4682800A4D6F9 /* Frameworks */ = {
			isa = PBXFrameworksBuildPhase;
			buildActionMask = 2147483647;
			files = (
			);
			runOnlyForDeploymentPostprocessing = 0;
		};
/* End PBXFrameworksBuildPhase section */

/* Begin PBXGroup section */
		5E00D40216D4682800A4D6F9 = {
			isa = PBXGroup;
			children = (
				5E00D40D16D4682800A4D6F9 /* cabbage */,
				5E00D40C16D4682800A4D6F9 /* Products */,
			);
			sourceTree = "<group>";
		};
		5E00D40C16D4682800A4D6F9 /* Products */ = {
			isa = PBXGroup;
			children = (
				5E00D40B16D4682800A4D6F9 /* cabbage */,
			);
			name = Products;
			sourceTree = "<group>";
		};
		5E00D40D16D4682800A4D6F9 /* cabbage */ = {
			isa = PBXGroup;
			children = (
				5E00D40E16D4682800A4D6F9 /* main.c */,
				5E00D41016D4682800A4D6F9 /* cabbage.1 */,
			);
			path = cabbage;
			sourceTree = "<group>";
		};
/* End PBXGroup section */

/* Begin PBXNativeTarget section */
		5E00D40A16D4682800A4D6F9 /* cabbage */ = {
			isa = PBXNativeTarget;
			buildConfigurationList = 5E00D41416D4682800A4D6F9 /* Build configuration list for PBXNativeTarget "cabbage" */;
			buildPhases = (
				5E00D40716D4682800A4D6F9 /* Sources */,
				5E00D40816D4682800A4D6F9 /* Frameworks */,
				5E00D40916D4682800A4D6F9 /* CopyFiles */,
			);
			buildRules = (
			);
			dependencies = (
			);
			name = cabbage;
			productName = cabbage;
			productReference = 5E00D40B16D4682800A4D6F9 /* cabbage */;
			productType = "com.apple.product-type.tool";
		};
/* End PBXNativeTarget section */

/* Begin PBXProject section */
		5E00D40316D4682800A4D6F9 /* Project object */ = {
			isa = PBXProject;
			attributes = {
				LastUpgradeCheck = 0460;
				ORGANIZATIONNAME = sonnet;
			};
			buildConfigurationList = 5E00D40616D4682800A4D6F9 /* Build configuration list for PBXProject "cabbage" */;
			compatibilityVersion = "Xcode 3.2";
			developmentRegion = English;
			hasScannedForEncodings = 0;
			knownRegions = (
				en,
			);
			mainGroup = 5E00D40216D4682800A4D6F9;
			productRefGroup = 5E00D40C16D4682800A4D6F9 /* Products */;
			projectDirPath = "";
			projectRoot = "";
			targets = (
				5E00D40A16D4682800A4D6F9 /* cabbage */,
			);
		};
/* End PBXProject section */

/* Begin PBXSourcesBuildPhase section */
		5E00D40716D4682800A4D6F9 /* Sources */ = {
			isa = PBXSourcesBuildPhase;
			buildActionMask = 2147483647;
			files = (
				5E00D40F16D4682800A4D6F9 /* main.c in Sources */,
			);
			runOnlyForDeploymentPostprocessing = 0;
		};
/* End PBXSourcesBuildPhase section */

/* Begin XCBuildConfiguration section */
		5E00D41216D4682800A4D6F9 /* Debug */ = {
			isa = XCBuildConfiguration;
			buildSettings = {
				ALWAYS_SEARCH_USER_PATHS = NO;
				ARCHS = "$(ARCHS_STANDARD_64_BIT)";
				CLANG_CXX_LANGUAGE_STANDARD = "gnu++0x";
				CLANG_CXX_LIBRARY = "libc++";
				CLANG_WARN_CONSTANT_CONVERSION = YES;
				CLANG_WARN_EMPTY_BODY = YES;
				CLANG_WARN_ENUM_CONVERSION = YES;
				CLANG_WARN_INT_CONVERSION = YES;
				CLANG_WARN__DUPLICATE_METHOD_MATCH = YES;
				COPY_PHASE_STRIP = NO;
				GCC_C_LANGUAGE_STANDARD = gnu99;
				GCC_DYNAMIC_NO_PIC = NO;
				GCC_ENABLE_OBJC_EXCEPTIONS = YES;
				GCC_OPTIMIZATION_LEVEL = 0;
				GCC_PREPROCESSOR_DEFINITIONS = (
					"DEBUG=1",
					"$(inherited)",
				);
				GCC_SYMBOLS_PRIVATE_EXTERN = NO;
				GCC_WARN_64_TO_32_BIT_CONVERSION = YES;
				GCC_WARN_ABOUT_RETURN_TYPE = YES;
				GCC_WARN_UNINITIALIZED_AUTOS = YES;
				GCC_WARN_UNUSED_VARIABLE = YES;
				MACOSX_DEPLOYMENT_TARGET = 10.8;
				ONLY_ACTIVE_ARCH = YES;
				SDKROOT = macosx;
			};
			name = Debug;
		};
		5E00D41316D4682800A4D6F9 /* Release */ = {
			isa = XCBuildConfiguration;
			buildSettings = {
				ALWAYS_SEARCH_USER_PATHS = NO;
				ARCHS = "$(ARCHS_STANDARD_64_BIT)";
				CLANG_CXX_LANGUAGE_STANDARD = "gnu++0x";
				CLANG_CXX_LIBRARY = "libc++";
				CLANG_WARN_CONSTANT_CONVERSION = YES;
				CLANG_WARN_EMPTY_BODY = YES;
				CLANG_WARN_ENUM_CONVERSION = YES;
				CLANG_WARN_INT_CONVERSION = YES;
				CLANG_WARN__DUPLICATE_METHOD_MATCH = YES;
				COPY_PHASE_STRIP = YES;
				DEBUG_INFORMATION_FORMAT = "dwarf-with-dsym";
				GCC_C_LANGUAGE_STANDARD = gnu99;
				GCC_ENABLE_OBJC_EXCEPTIONS = YES;
				GCC_WARN_64_TO_32_BIT_CONVERSION = YES;
				GCC_WARN_ABOUT_RETURN_TYPE = YES;
				GCC_WARN_UNINITIALIZED_AUTOS = YES;
				GCC_WARN_UNUSED_VARIABLE = YES;
				MACOSX_DEPLOYMENT_TARGET = 10.8;
				SDKROOT = macosx;
			};
			name = Release;
		};
		5E00D41516D4682800A4D6F9 /* Debug */ = {
			isa = XCBuildConfiguration;
			buildSettings = {
				PRODUCT_NAME = "$(TARGET_NAME)";
			};
			name = Debug;
		};
		5E00D41616D4682800A4D6F9 /* Release */ = {
			isa = XCBuildConfiguration;
			buildSettings = {
				PRODUCT_NAME = "$(TARGET_NAME)";
			};
			name = Release;
		};
/* End XCBuildConfiguration section */

/* Begin XCConfigurationList section */
		5E00D40616D4682800A4D6F9 /* Build configuration list for PBXProject "cabbage" */ = {
			isa = XCConfigurationList;
			buildConfigurations = (
				5E00D41216D4682800A4D6F9 /* Debug */,
				5E00D41316D4682800A4D6F9 /* Release */,
			);
			defaultConfigurationIsVisible = 0;
			defaultConfigurationName = Release;
		};
		5E00D41416D4682800A4D6F9 /* Build configuration list for PBXNativeTarget "cabbage" */ = {
			isa = XCConfigurationList;
			buildConfigurations = (
				5E00D41516D4682800A4D6F9 /* Debug */,
				5E00D41616D4682800A4D6F9 /* Release */,
			);
			defaultConfigurationIsVisible = 0;
		};
/* End XCConfigurationList section */
	};
	rootObject = 5E00D40316D4682800A4D6F9 /* Project object */;
}
