// !$*UTF8*$!
{
	archiveVersion = 1;
	classes = {
	};
	objectVersion = 46;
	objects = {

/* Begin PBXBuildFile section */
		5E8AD05E16BD0DC700650FA4 /* main.c in Sources */ = {isa = PBXBuildFile; fileRef = 5E8AD05D16BD0DC700650FA4 /* main.c */; };
		5E8AD06016BD0DC700650FA4 /* hex_to_dec.1 in CopyFiles */ = {isa = PBXBuildFile; fileRef = 5E8AD05F16BD0DC700650FA4 /* hex_to_dec.1 */; };
/* End PBXBuildFile section */

/* Begin PBXCopyFilesBuildPhase section */
		5E8AD05816BD0DC700650FA4 /* CopyFiles */ = {
			isa = PBXCopyFilesBuildPhase;
			buildActionMask = 2147483647;
			dstPath = /usr/share/man/man1/;
			dstSubfolderSpec = 0;
			files = (
				5E8AD06016BD0DC700650FA4 /* hex_to_dec.1 in CopyFiles */,
			);
			runOnlyForDeploymentPostprocessing = 1;
		};
/* End PBXCopyFilesBuildPhase section */

/* Begin PBXFileReference section */
		5E8AD05A16BD0DC700650FA4 /* hex_to_dec */ = {isa = PBXFileReference; explicitFileType = "compiled.mach-o.executable"; includeInIndex = 0; path = hex_to_dec; sourceTree = BUILT_PRODUCTS_DIR; };
		5E8AD05D16BD0DC700650FA4 /* main.c */ = {isa = PBXFileReference; lastKnownFileType = sourcecode.c.c; path = main.c; sourceTree = "<group>"; };
		5E8AD05F16BD0DC700650FA4 /* hex_to_dec.1 */ = {isa = PBXFileReference; lastKnownFileType = text.man; path = hex_to_dec.1; sourceTree = "<group>"; };
/* End PBXFileReference section */

/* Begin PBXFrameworksBuildPhase section */
		5E8AD05716BD0DC700650FA4 /* Frameworks */ = {
			isa = PBXFrameworksBuildPhase;
			buildActionMask = 2147483647;
			files = (
			);
			runOnlyForDeploymentPostprocessing = 0;
		};
/* End PBXFrameworksBuildPhase section */

/* Begin PBXGroup section */
		5E8AD05116BD0DC700650FA4 = {
			isa = PBXGroup;
			children = (
				5E8AD05C16BD0DC700650FA4 /* hex_to_dec */,
				5E8AD05B16BD0DC700650FA4 /* Products */,
			);
			sourceTree = "<group>";
		};
		5E8AD05B16BD0DC700650FA4 /* Products */ = {
			isa = PBXGroup;
			children = (
				5E8AD05A16BD0DC700650FA4 /* hex_to_dec */,
			);
			name = Products;
			sourceTree = "<group>";
		};
		5E8AD05C16BD0DC700650FA4 /* hex_to_dec */ = {
			isa = PBXGroup;
			children = (
				5E8AD05D16BD0DC700650FA4 /* main.c */,
				5E8AD05F16BD0DC700650FA4 /* hex_to_dec.1 */,
			);
			path = hex_to_dec;
			sourceTree = "<group>";
		};
/* End PBXGroup section */

/* Begin PBXNativeTarget section */
		5E8AD05916BD0DC700650FA4 /* hex_to_dec */ = {
			isa = PBXNativeTarget;
			buildConfigurationList = 5E8AD06316BD0DC700650FA4 /* Build configuration list for PBXNativeTarget "hex_to_dec" */;
			buildPhases = (
				5E8AD05616BD0DC700650FA4 /* Sources */,
				5E8AD05716BD0DC700650FA4 /* Frameworks */,
				5E8AD05816BD0DC700650FA4 /* CopyFiles */,
			);
			buildRules = (
			);
			dependencies = (
			);
			name = hex_to_dec;
			productName = hex_to_dec;
			productReference = 5E8AD05A16BD0DC700650FA4 /* hex_to_dec */;
			productType = "com.apple.product-type.tool";
		};
/* End PBXNativeTarget section */

/* Begin PBXProject section */
		5E8AD05216BD0DC700650FA4 /* Project object */ = {
			isa = PBXProject;
			attributes = {
				LastUpgradeCheck = 0460;
				ORGANIZATIONNAME = sonnet;
			};
			buildConfigurationList = 5E8AD05516BD0DC700650FA4 /* Build configuration list for PBXProject "hex_to_dec" */;
			compatibilityVersion = "Xcode 3.2";
			developmentRegion = English;
			hasScannedForEncodings = 0;
			knownRegions = (
				en,
			);
			mainGroup = 5E8AD05116BD0DC700650FA4;
			productRefGroup = 5E8AD05B16BD0DC700650FA4 /* Products */;
			projectDirPath = "";
			projectRoot = "";
			targets = (
				5E8AD05916BD0DC700650FA4 /* hex_to_dec */,
			);
		};
/* End PBXProject section */

/* Begin PBXSourcesBuildPhase section */
		5E8AD05616BD0DC700650FA4 /* Sources */ = {
			isa = PBXSourcesBuildPhase;
			buildActionMask = 2147483647;
			files = (
				5E8AD05E16BD0DC700650FA4 /* main.c in Sources */,
			);
			runOnlyForDeploymentPostprocessing = 0;
		};
/* End PBXSourcesBuildPhase section */

/* Begin XCBuildConfiguration section */
		5E8AD06116BD0DC700650FA4 /* Debug */ = {
			isa = XCBuildConfiguration;
			buildSettings = {
				ALWAYS_SEARCH_USER_PATHS = NO;
				ARCHS = "$(ARCHS_STANDARD_64_BIT)";
				CLANG_CXX_LANGUAGE_STANDARD = "gnu++0x";
				CLANG_CXX_LIBRARY = "libc++";
				CLANG_WARN_CONSTANT_CONVERSION = YES;
				CLANG_WARN_EMPTY_BODY = YES;
				CLANG_WARN_ENUM_CONVERSION = YES;
				CLANG_WARN_INT_CONVERSION = YES;
				CLANG_WARN__DUPLICATE_METHOD_MATCH = YES;
				COPY_PHASE_STRIP = NO;
				GCC_C_LANGUAGE_STANDARD = gnu99;
				GCC_DYNAMIC_NO_PIC = NO;
				GCC_ENABLE_OBJC_EXCEPTIONS = YES;
				GCC_OPTIMIZATION_LEVEL = 0;
				GCC_PREPROCESSOR_DEFINITIONS = (
					"DEBUG=1",
					"$(inherited)",
				);
				GCC_SYMBOLS_PRIVATE_EXTERN = NO;
				GCC_WARN_64_TO_32_BIT_CONVERSION = YES;
				GCC_WARN_ABOUT_RETURN_TYPE = YES;
				GCC_WARN_UNINITIALIZED_AUTOS = YES;
				GCC_WARN_UNUSED_VARIABLE = YES;
				MACOSX_DEPLOYMENT_TARGET = 10.8;
				ONLY_ACTIVE_ARCH = YES;
				SDKROOT = macosx;
			};
			name = Debug;
		};
		5E8AD06216BD0DC700650FA4 /* Release */ = {
			isa = XCBuildConfiguration;
			buildSettings = {
				ALWAYS_SEARCH_USER_PATHS = NO;
				ARCHS = "$(ARCHS_STANDARD_64_BIT)";
				CLANG_CXX_LANGUAGE_STANDARD = "gnu++0x";
				CLANG_CXX_LIBRARY = "libc++";
				CLANG_WARN_CONSTANT_CONVERSION = YES;
				CLANG_WARN_EMPTY_BODY = YES;
				CLANG_WARN_ENUM_CONVERSION = YES;
				CLANG_WARN_INT_CONVERSION = YES;
				CLANG_WARN__DUPLICATE_METHOD_MATCH = YES;
				COPY_PHASE_STRIP = YES;
				DEBUG_INFORMATION_FORMAT = "dwarf-with-dsym";
				GCC_C_LANGUAGE_STANDARD = gnu99;
				GCC_ENABLE_OBJC_EXCEPTIONS = YES;
				GCC_WARN_64_TO_32_BIT_CONVERSION = YES;
				GCC_WARN_ABOUT_RETURN_TYPE = YES;
				GCC_WARN_UNINITIALIZED_AUTOS = YES;
				GCC_WARN_UNUSED_VARIABLE = YES;
				MACOSX_DEPLOYMENT_TARGET = 10.8;
				SDKROOT = macosx;
			};
			name = Release;
		};
		5E8AD06416BD0DC700650FA4 /* Debug */ = {
			isa = XCBuildConfiguration;
			buildSettings = {
				PRODUCT_NAME = "$(TARGET_NAME)";
			};
			name = Debug;
		};
		5E8AD06516BD0DC700650FA4 /* Release */ = {
			isa = XCBuildConfiguration;
			buildSettings = {
				PRODUCT_NAME = "$(TARGET_NAME)";
			};
			name = Release;
		};
/* End XCBuildConfiguration section */

/* Begin XCConfigurationList section */
		5E8AD05516BD0DC700650FA4 /* Build configuration list for PBXProject "hex_to_dec" */ = {
			isa = XCConfigurationList;
			buildConfigurations = (
				5E8AD06116BD0DC700650FA4 /* Debug */,
				5E8AD06216BD0DC700650FA4 /* Release */,
			);
			defaultConfigurationIsVisible = 0;
			defaultConfigurationName = Release;
		};
		5E8AD06316BD0DC700650FA4 /* Build configuration list for PBXNativeTarget "hex_to_dec" */ = {
			isa = XCConfigurationList;
			buildConfigurations = (
				5E8AD06416BD0DC700650FA4 /* Debug */,
				5E8AD06516BD0DC700650FA4 /* Release */,
			);
			defaultConfigurationIsVisible = 0;
		};
/* End XCConfigurationList section */
	};
	rootObject = 5E8AD05216BD0DC700650FA4 /* Project object */;
}
