// !$*UTF8*$!
{
	archiveVersion = 1;
	classes = {
	};
	objectVersion = 46;
	objects = {

/* Begin PBXBuildFile section */
		5E9AC24516C0F36800590887 /* main.c in Sources */ = {isa = PBXBuildFile; fileRef = 5E9AC24416C0F36800590887 /* main.c */; };
		5E9AC24716C0F36800590887 /* vector_matching.1 in CopyFiles */ = {isa = PBXBuildFile; fileRef = 5E9AC24616C0F36800590887 /* vector_matching.1 */; };
/* End PBXBuildFile section */

/* Begin PBXCopyFilesBuildPhase section */
		5E9AC23F16C0F36800590887 /* CopyFiles */ = {
			isa = PBXCopyFilesBuildPhase;
			buildActionMask = 2147483647;
			dstPath = /usr/share/man/man1/;
			dstSubfolderSpec = 0;
			files = (
				5E9AC24716C0F36800590887 /* vector_matching.1 in CopyFiles */,
			);
			runOnlyForDeploymentPostprocessing = 1;
		};
/* End PBXCopyFilesBuildPhase section */

/* Begin PBXFileReference section */
		5E9AC24116C0F36800590887 /* vector_matching */ = {isa = PBXFileReference; explicitFileType = "compiled.mach-o.executable"; includeInIndex = 0; path = vector_matching; sourceTree = BUILT_PRODUCTS_DIR; };
		5E9AC24416C0F36800590887 /* main.c */ = {isa = PBXFileReference; lastKnownFileType = sourcecode.c.c; path = main.c; sourceTree = "<group>"; };
		5E9AC24616C0F36800590887 /* vector_matching.1 */ = {isa = PBXFileReference; lastKnownFileType = text.man; path = vector_matching.1; sourceTree = "<group>"; };
/* End PBXFileReference section */

/* Begin PBXFrameworksBuildPhase section */
		5E9AC23E16C0F36800590887 /* Frameworks */ = {
			isa = PBXFrameworksBuildPhase;
			buildActionMask = 2147483647;
			files = (
			);
			runOnlyForDeploymentPostprocessing = 0;
		};
/* End PBXFrameworksBuildPhase section */

/* Begin PBXGroup section */
		5E9AC23816C0F36800590887 = {
			isa = PBXGroup;
			children = (
				5E9AC24316C0F36800590887 /* vector_matching */,
				5E9AC24216C0F36800590887 /* Products */,
			);
			sourceTree = "<group>";
		};
		5E9AC24216C0F36800590887 /* Products */ = {
			isa = PBXGroup;
			children = (
				5E9AC24116C0F36800590887 /* vector_matching */,
			);
			name = Products;
			sourceTree = "<group>";
		};
		5E9AC24316C0F36800590887 /* vector_matching */ = {
			isa = PBXGroup;
			children = (
				5E9AC24416C0F36800590887 /* main.c */,
				5E9AC24616C0F36800590887 /* vector_matching.1 */,
			);
			path = vector_matching;
			sourceTree = "<group>";
		};
/* End PBXGroup section */

/* Begin PBXNativeTarget section */
		5E9AC24016C0F36800590887 /* vector_matching */ = {
			isa = PBXNativeTarget;
			buildConfigurationList = 5E9AC24A16C0F36800590887 /* Build configuration list for PBXNativeTarget "vector_matching" */;
			buildPhases = (
				5E9AC23D16C0F36800590887 /* Sources */,
				5E9AC23E16C0F36800590887 /* Frameworks */,
				5E9AC23F16C0F36800590887 /* CopyFiles */,
			);
			buildRules = (
			);
			dependencies = (
			);
			name = vector_matching;
			productName = vector_matching;
			productReference = 5E9AC24116C0F36800590887 /* vector_matching */;
			productType = "com.apple.product-type.tool";
		};
/* End PBXNativeTarget section */

/* Begin PBXProject section */
		5E9AC23916C0F36800590887 /* Project object */ = {
			isa = PBXProject;
			attributes = {
				LastUpgradeCheck = 0460;
				ORGANIZATIONNAME = sonnet;
			};
			buildConfigurationList = 5E9AC23C16C0F36800590887 /* Build configuration list for PBXProject "vector_matching" */;
			compatibilityVersion = "Xcode 3.2";
			developmentRegion = English;
			hasScannedForEncodings = 0;
			knownRegions = (
				en,
			);
			mainGroup = 5E9AC23816C0F36800590887;
			productRefGroup = 5E9AC24216C0F36800590887 /* Products */;
			projectDirPath = "";
			projectRoot = "";
			targets = (
				5E9AC24016C0F36800590887 /* vector_matching */,
			);
		};
/* End PBXProject section */

/* Begin PBXSourcesBuildPhase section */
		5E9AC23D16C0F36800590887 /* Sources */ = {
			isa = PBXSourcesBuildPhase;
			buildActionMask = 2147483647;
			files = (
				5E9AC24516C0F36800590887 /* main.c in Sources */,
			);
			runOnlyForDeploymentPostprocessing = 0;
		};
/* End PBXSourcesBuildPhase section */

/* Begin XCBuildConfiguration section */
		5E9AC24816C0F36800590887 /* Debug */ = {
			isa = XCBuildConfiguration;
			buildSettings = {
				ALWAYS_SEARCH_USER_PATHS = NO;
				ARCHS = "$(ARCHS_STANDARD_64_BIT)";
				CLANG_CXX_LANGUAGE_STANDARD = "gnu++0x";
				CLANG_CXX_LIBRARY = "libc++";
				CLANG_WARN_CONSTANT_CONVERSION = YES;
				CLANG_WARN_EMPTY_BODY = YES;
				CLANG_WARN_ENUM_CONVERSION = YES;
				CLANG_WARN_INT_CONVERSION = YES;
				CLANG_WARN__DUPLICATE_METHOD_MATCH = YES;
				COPY_PHASE_STRIP = NO;
				GCC_C_LANGUAGE_STANDARD = gnu99;
				GCC_DYNAMIC_NO_PIC = NO;
				GCC_ENABLE_OBJC_EXCEPTIONS = YES;
				GCC_OPTIMIZATION_LEVEL = 0;
				GCC_PREPROCESSOR_DEFINITIONS = (
					"DEBUG=1",
					"$(inherited)",
				);
				GCC_SYMBOLS_PRIVATE_EXTERN = NO;
				GCC_WARN_64_TO_32_BIT_CONVERSION = YES;
				GCC_WARN_ABOUT_RETURN_TYPE = YES;
				GCC_WARN_UNINITIALIZED_AUTOS = YES;
				GCC_WARN_UNUSED_VARIABLE = YES;
				MACOSX_DEPLOYMENT_TARGET = 10.8;
				ONLY_ACTIVE_ARCH = YES;
				SDKROOT = macosx;
			};
			name = Debug;
		};
		5E9AC24916C0F36800590887 /* Release */ = {
			isa = XCBuildConfiguration;
			buildSettings = {
				ALWAYS_SEARCH_USER_PATHS = NO;
				ARCHS = "$(ARCHS_STANDARD_64_BIT)";
				CLANG_CXX_LANGUAGE_STANDARD = "gnu++0x";
				CLANG_CXX_LIBRARY = "libc++";
				CLANG_WARN_CONSTANT_CONVERSION = YES;
				CLANG_WARN_EMPTY_BODY = YES;
				CLANG_WARN_ENUM_CONVERSION = YES;
				CLANG_WARN_INT_CONVERSION = YES;
				CLANG_WARN__DUPLICATE_METHOD_MATCH = YES;
				COPY_PHASE_STRIP = YES;
				DEBUG_INFORMATION_FORMAT = "dwarf-with-dsym";
				GCC_C_LANGUAGE_STANDARD = gnu99;
				GCC_ENABLE_OBJC_EXCEPTIONS = YES;
				GCC_WARN_64_TO_32_BIT_CONVERSION = YES;
				GCC_WARN_ABOUT_RETURN_TYPE = YES;
				GCC_WARN_UNINITIALIZED_AUTOS = YES;
				GCC_WARN_UNUSED_VARIABLE = YES;
				MACOSX_DEPLOYMENT_TARGET = 10.8;
				SDKROOT = macosx;
			};
			name = Release;
		};
		5E9AC24B16C0F36800590887 /* Debug */ = {
			isa = XCBuildConfiguration;
			buildSettings = {
				PRODUCT_NAME = "$(TARGET_NAME)";
			};
			name = Debug;
		};
		5E9AC24C16C0F36800590887 /* Release */ = {
			isa = XCBuildConfiguration;
			buildSettings = {
				PRODUCT_NAME = "$(TARGET_NAME)";
			};
			name = Release;
		};
/* End XCBuildConfiguration section */

/* Begin XCConfigurationList section */
		5E9AC23C16C0F36800590887 /* Build configuration list for PBXProject "vector_matching" */ = {
			isa = XCConfigurationList;
			buildConfigurations = (
				5E9AC24816C0F36800590887 /* Debug */,
				5E9AC24916C0F36800590887 /* Release */,
			);
			defaultConfigurationIsVisible = 0;
			defaultConfigurationName = Release;
		};
		5E9AC24A16C0F36800590887 /* Build configuration list for PBXNativeTarget "vector_matching" */ = {
			isa = XCConfigurationList;
			buildConfigurations = (
				5E9AC24B16C0F36800590887 /* Debug */,
				5E9AC24C16C0F36800590887 /* Release */,
			);
			defaultConfigurationIsVisible = 0;
		};
/* End XCConfigurationList section */
	};
	rootObject = 5E9AC23916C0F36800590887 /* Project object */;
}
